
Microsoft Visual Studio Solution File, Format Version 12.00
# Visual Studio 14
VisualStudioVersion = 14.0.25420.1
MinimumVisualStudioVersion = 10.0.40219.1
Project("{FAE04EC0-301F-11D3-BF4B-00C04F79EFBC}") = "MyApp.WebApplication", "MyApp.WebApplication\MyApp.WebApplication.csproj", "{205CFA41-7FCC-45D2-A2A3-D90D39AEAC6A}"
EndProject
Project("{FAE04EC0-301F-11D3-BF4B-00C04F79EFBC}") = "MyApp.Data", "MyApp.Data\MyApp.Data.csproj", "{7C796987-6F4E-4FF0-A711-18D9ACD5C3B5}"
EndProject
Project("{FAE04EC0-301F-11D3-BF4B-00C04F79EFBC}") = "MyApp.Api", "MyApp.Api\MyApp.Api.csproj", "{B4F4FCD1-F13A-41A4-9A01-AF687B978745}"
EndProject
Global
	GlobalSection(SolutionConfigurationPlatforms) = preSolution
		Debug|Any CPU = Debug|Any CPU
		Release|Any CPU = Release|Any CPU
	EndGlobalSection
	GlobalSection(ProjectConfigurationPlatforms) = postSolution
		{205CFA41-7FCC-45D2-A2A3-D90D39AEAC6A}.Debug|Any CPU.ActiveCfg = Debug|Any CPU
		{205CFA41-7FCC-45D2-A2A3-D90D39AEAC6A}.Debug|Any CPU.Build.0 = Debug|Any CPU
		{205CFA41-7FCC-45D2-A2A3-D90D39AEAC6A}.Release|Any CPU.ActiveCfg = Release|Any CPU
		{205CFA41-7FCC-45D2-A2A3-D90D39AEAC6A}.Release|Any CPU.Build.0 = Release|Any CPU
		{7C796987-6F4E-4FF0-A711-18D9ACD5C3B5}.Debug|Any CPU.ActiveCfg = Debug|Any CPU
		{7C796987-6F4E-4FF0-A711-18D9ACD5C3B5}.Debug|Any CPU.Build.0 = Debug|Any CPU
		{7C796987-6F4E-4FF0-A711-18D9ACD5C3B5}.Release|Any CPU.ActiveCfg = Release|Any CPU
		{7C796987-6F4E-4FF0-A711-18D9ACD5C3B5}.Release|Any CPU.Build.0 = Release|Any CPU
		{B4F4FCD1-F13A-41A4-9A01-AF687B978745}.Debug|Any CPU.ActiveCfg = Debug|Any CPU
		{B4F4FCD1-F13A-41A4-9A01-AF687B978745}.Debug|Any CPU.Build.0 = Debug|Any CPU
		{B4F4FCD1-F13A-41A4-9A01-AF687B978745}.Release|Any CPU.ActiveCfg = Release|Any CPU
		{B4F4FCD1-F13A-41A4-9A01-AF687B978745}.Release|Any CPU.Build.0 = Release|Any CPU
	EndGlobalSection
	GlobalSection(SolutionProperties) = preSolution
		HideSolutionNode = FALSE
	EndGlobalSection
EndGlobal
